# THIS IS AN AUTOGENERATED FILE. DO NOT EDIT THIS FILE DIRECTLY.
# yarn lockfile v1


bestikk-log@0.1.0:
  version "0.1.0"
  resolved "https://registry.yarnpkg.com/bestikk-log/-/bestikk-log-0.1.0.tgz#6ac6ddcb4ec4efbe94ee082e289e4cbf6ad54f20"
  dependencies:
    colors "1.1.2"

colors@1.1.2:
  version "1.1.2"
  resolved "https://registry.yarnpkg.com/colors/-/colors-1.1.2.tgz#168a4701756b6a7f51a12ce0c97bfa28c084ed63"
